
Microsoft Visual Studio Solution File, Format Version 12.00
# Visual Studio Version 17
VisualStudioVersion = 17.7.34024.191
MinimumVisualStudioVersion = 10.0.40219.1
Project("{FAE04EC0-301F-11D3-BF4B-00C04F79EFBC}") = "TagManager", "TagManager\TagManager.csproj", "{B6CA7389-3DF4-4E61-90FB-599495592B3E}"
EndProject
Global
	GlobalSection(SolutionConfigurationPlatforms) = preSolution
		Debug|Any CPU = Debug|Any CPU
		Release|Any CPU = Release|Any CPU
	EndGlobalSection
	GlobalSection(ProjectConfigurationPlatforms) = postSolution
		{6E6F9EB1-2C77-48A4-8CD4-3A08F91B669B}.Debug|Any CPU.ActiveCfg = Debug|Any CPU
		{6E6F9EB1-2C77-48A4-8CD4-3A08F91B669B}.Debug|Any CPU.Build.0 = Debug|Any CPU
		{6E6F9EB1-2C77-48A4-8CD4-3A08F91B669B}.Release|Any CPU.ActiveCfg = Release|Any CPU
		{6E6F9EB1-2C77-48A4-8CD4-3A08F91B669B}.Release|Any CPU.Build.0 = Release|Any CPU
		{B6CA7389-3DF4-4E61-90FB-599495592B3E}.Debug|Any CPU.ActiveCfg = Debug|Any CPU
		{B6CA7389-3DF4-4E61-90FB-599495592B3E}.Debug|Any CPU.Build.0 = Debug|Any CPU
		{B6CA7389-3DF4-4E61-90FB-599495592B3E}.Release|Any CPU.ActiveCfg = Release|Any CPU
		{B6CA7389-3DF4-4E61-90FB-599495592B3E}.Release|Any CPU.Build.0 = Release|Any CPU
	EndGlobalSection
	GlobalSection(SolutionProperties) = preSolution
		HideSolutionNode = FALSE
	EndGlobalSection
	GlobalSection(ExtensibilityGlobals) = postSolution
		SolutionGuid = {8106FC3F-E404-4A7A-89B5-50CAC820872A}
	EndGlobalSection
EndGlobal
