
Microsoft Visual Studio Solution File, Format Version 12.00
# Visual Studio Version 16
VisualStudioVersion = 16.0.30204.135
MinimumVisualStudioVersion = 10.0.40219.1
Project("{FAE04EC0-301F-11D3-BF4B-00C04F79EFBC}") = "Umbraco Tag Manager", "Umbraco Tag Manager\Umbraco Tag Manager.csproj", "{18B00A9E-4C97-406A-960A-A6578D202F07}"
EndProject
Global
	GlobalSection(SolutionConfigurationPlatforms) = preSolution
		Debug|Any CPU = Debug|Any CPU
		Release|Any CPU = Release|Any CPU
	EndGlobalSection
	GlobalSection(ProjectConfigurationPlatforms) = postSolution
		{18B00A9E-4C97-406A-960A-A6578D202F07}.Debug|Any CPU.ActiveCfg = Debug|Any CPU
		{18B00A9E-4C97-406A-960A-A6578D202F07}.Debug|Any CPU.Build.0 = Debug|Any CPU
		{18B00A9E-4C97-406A-960A-A6578D202F07}.Release|Any CPU.ActiveCfg = Release|Any CPU
		{18B00A9E-4C97-406A-960A-A6578D202F07}.Release|Any CPU.Build.0 = Release|Any CPU
	EndGlobalSection
	GlobalSection(SolutionProperties) = preSolution
		HideSolutionNode = FALSE
	EndGlobalSection
	GlobalSection(ExtensibilityGlobals) = postSolution
		SolutionGuid = {149913C0-C25E-494A-9BC3-0C55A1F7562A}
	EndGlobalSection
EndGlobal
